
Microsoft Visual Studio Solution File, Format Version 12.00
# Visual Studio 15
VisualStudioVersion = 15.0.28307.106
MinimumVisualStudioVersion = 10.0.40219.1
Project("{FAE04EC0-301F-11D3-BF4B-00C04F79EFBC}") = "ExcelDataImport", "ExcelDataImport\ExcelDataImport.csproj", "{A77EC8B1-B100-44A1-9B00-3B705BF8E76A}"
EndProject
Global
	GlobalSection(SolutionConfigurationPlatforms) = preSolution
		Debug|Any CPU = Debug|Any CPU
		Release|Any CPU = Release|Any CPU
	EndGlobalSection
	GlobalSection(ProjectConfigurationPlatforms) = postSolution
		{A77EC8B1-B100-44A1-9B00-3B705BF8E76A}.Debug|Any CPU.ActiveCfg = Debug|Any CPU
		{A77EC8B1-B100-44A1-9B00-3B705BF8E76A}.Debug|Any CPU.Build.0 = Debug|Any CPU
		{A77EC8B1-B100-44A1-9B00-3B705BF8E76A}.Release|Any CPU.ActiveCfg = Release|Any CPU
		{A77EC8B1-B100-44A1-9B00-3B705BF8E76A}.Release|Any CPU.Build.0 = Release|Any CPU
	EndGlobalSection
	GlobalSection(SolutionProperties) = preSolution
		HideSolutionNode = FALSE
	EndGlobalSection
	GlobalSection(ExtensibilityGlobals) = postSolution
		SolutionGuid = {2431339C-8037-41F8-9DAD-F788D81B3A1A}
	EndGlobalSection
EndGlobal
